
Microsoft Visual Studio Solution File, Format Version 12.00
# Visual Studio Version 16
VisualStudioVersion = 16.0.30413.136
MinimumVisualStudioVersion = 10.0.40219.1
Project("{FAE04EC0-301F-11D3-BF4B-00C04F79EFBC}") = "KeyPay.Data", "KeyPay.Data\KeyPay.Data.csproj", "{D901B156-84D0-48CE-BFC8-00948090764F}"
EndProject
Project("{FAE04EC0-301F-11D3-BF4B-00C04F79EFBC}") = "KeyPay.Services", "KeyPay.Services\KeyPay.Services.csproj", "{C0141B9E-EBB9-47DC-B718-EA51ABBEFE6F}"
EndProject
Project("{FAE04EC0-301F-11D3-BF4B-00C04F79EFBC}") = "KeyPay.Repo", "KeyPay.Repo\KeyPay.Repo.csproj", "{896B8DE4-0CCC-411C-8F51-0F835953F65A}"
EndProject
Project("{FAE04EC0-301F-11D3-BF4B-00C04F79EFBC}") = "KeyPay.Common", "KeyPay.Common\KeyPay.Common.csproj", "{9945A3D8-2037-407E-875D-653473E13C5C}"
EndProject
Project("{FAE04EC0-301F-11D3-BF4B-00C04F79EFBC}") = "KeyPay.Presentation", "KeyPay.Presentation\KeyPay.Presentation.csproj", "{4ECC4538-0566-4A42-AC47-C4302989BA1F}"
EndProject
Global
	GlobalSection(SolutionConfigurationPlatforms) = preSolution
		Debug|Any CPU = Debug|Any CPU
		Release|Any CPU = Release|Any CPU
	EndGlobalSection
	GlobalSection(ProjectConfigurationPlatforms) = postSolution
		{D901B156-84D0-48CE-BFC8-00948090764F}.Debug|Any CPU.ActiveCfg = Debug|Any CPU
		{D901B156-84D0-48CE-BFC8-00948090764F}.Debug|Any CPU.Build.0 = Debug|Any CPU
		{D901B156-84D0-48CE-BFC8-00948090764F}.Release|Any CPU.ActiveCfg = Release|Any CPU
		{D901B156-84D0-48CE-BFC8-00948090764F}.Release|Any CPU.Build.0 = Release|Any CPU
		{C0141B9E-EBB9-47DC-B718-EA51ABBEFE6F}.Debug|Any CPU.ActiveCfg = Debug|Any CPU
		{C0141B9E-EBB9-47DC-B718-EA51ABBEFE6F}.Debug|Any CPU.Build.0 = Debug|Any CPU
		{C0141B9E-EBB9-47DC-B718-EA51ABBEFE6F}.Release|Any CPU.ActiveCfg = Release|Any CPU
		{C0141B9E-EBB9-47DC-B718-EA51ABBEFE6F}.Release|Any CPU.Build.0 = Release|Any CPU
		{896B8DE4-0CCC-411C-8F51-0F835953F65A}.Debug|Any CPU.ActiveCfg = Debug|Any CPU
		{896B8DE4-0CCC-411C-8F51-0F835953F65A}.Debug|Any CPU.Build.0 = Debug|Any CPU
		{896B8DE4-0CCC-411C-8F51-0F835953F65A}.Release|Any CPU.ActiveCfg = Release|Any CPU
		{896B8DE4-0CCC-411C-8F51-0F835953F65A}.Release|Any CPU.Build.0 = Release|Any CPU
		{9945A3D8-2037-407E-875D-653473E13C5C}.Debug|Any CPU.ActiveCfg = Debug|Any CPU
		{9945A3D8-2037-407E-875D-653473E13C5C}.Debug|Any CPU.Build.0 = Debug|Any CPU
		{9945A3D8-2037-407E-875D-653473E13C5C}.Release|Any CPU.ActiveCfg = Release|Any CPU
		{9945A3D8-2037-407E-875D-653473E13C5C}.Release|Any CPU.Build.0 = Release|Any CPU
		{4ECC4538-0566-4A42-AC47-C4302989BA1F}.Debug|Any CPU.ActiveCfg = Debug|Any CPU
		{4ECC4538-0566-4A42-AC47-C4302989BA1F}.Debug|Any CPU.Build.0 = Debug|Any CPU
		{4ECC4538-0566-4A42-AC47-C4302989BA1F}.Release|Any CPU.ActiveCfg = Release|Any CPU
		{4ECC4538-0566-4A42-AC47-C4302989BA1F}.Release|Any CPU.Build.0 = Release|Any CPU
	EndGlobalSection
	GlobalSection(SolutionProperties) = preSolution
		HideSolutionNode = FALSE
	EndGlobalSection
	GlobalSection(ExtensibilityGlobals) = postSolution
		SolutionGuid = {B3AD4A10-3E57-46CE-903E-F9A7F535EFCE}
	EndGlobalSection
EndGlobal
